
Microsoft Visual Studio Solution File, Format Version 12.00
# Visual Studio Version 17
VisualStudioVersion = 17.2.32526.322
MinimumVisualStudioVersion = 10.0.40219.1
Project("{FAE04EC0-301F-11D3-BF4B-00C04F79EFBC}") = "Client", "Client\Client.csproj", "{DFECC0D9-9475-4A12-96F8-4F71B0349F8F}"
EndProject
Project("{9A19103F-16F7-4668-BE54-9A1E7A4F7556}") = "Models", "Models\Models.csproj", "{1F2EDE72-C109-4F21-9619-37FFA58984B6}"
EndProject
Project("{9A19103F-16F7-4668-BE54-9A1E7A4F7556}") = "VonageCalls", "VonageCalls\VonageCalls.csproj", "{0533B7AA-309D-41BC-A7F3-318638DA3049}"
EndProject
Project("{9A19103F-16F7-4668-BE54-9A1E7A4F7556}") = "VonageCalls.Tests", "VonageCalls.Tests\VonageCalls.Tests.csproj", "{22D72B05-AD3B-4467-B574-AA80A414F677}"
EndProject
Project("{9A19103F-16F7-4668-BE54-9A1E7A4F7556}") = "VongaeJwt", "VongaeJwt\VongaeJwt.csproj", "{0753DD4E-F833-4BD9-877A-F7532B0FC70E}"
EndProject
Global
	GlobalSection(SolutionConfigurationPlatforms) = preSolution
		Debug|Any CPU = Debug|Any CPU
		Release|Any CPU = Release|Any CPU
	EndGlobalSection
	GlobalSection(ProjectConfigurationPlatforms) = postSolution
		{DFECC0D9-9475-4A12-96F8-4F71B0349F8F}.Debug|Any CPU.ActiveCfg = Debug|Any CPU
		{DFECC0D9-9475-4A12-96F8-4F71B0349F8F}.Debug|Any CPU.Build.0 = Debug|Any CPU
		{DFECC0D9-9475-4A12-96F8-4F71B0349F8F}.Release|Any CPU.ActiveCfg = Release|Any CPU
		{DFECC0D9-9475-4A12-96F8-4F71B0349F8F}.Release|Any CPU.Build.0 = Release|Any CPU
		{1F2EDE72-C109-4F21-9619-37FFA58984B6}.Debug|Any CPU.ActiveCfg = Debug|Any CPU
		{1F2EDE72-C109-4F21-9619-37FFA58984B6}.Debug|Any CPU.Build.0 = Debug|Any CPU
		{1F2EDE72-C109-4F21-9619-37FFA58984B6}.Release|Any CPU.ActiveCfg = Release|Any CPU
		{1F2EDE72-C109-4F21-9619-37FFA58984B6}.Release|Any CPU.Build.0 = Release|Any CPU
		{0533B7AA-309D-41BC-A7F3-318638DA3049}.Debug|Any CPU.ActiveCfg = Debug|Any CPU
		{0533B7AA-309D-41BC-A7F3-318638DA3049}.Debug|Any CPU.Build.0 = Debug|Any CPU
		{0533B7AA-309D-41BC-A7F3-318638DA3049}.Release|Any CPU.ActiveCfg = Release|Any CPU
		{0533B7AA-309D-41BC-A7F3-318638DA3049}.Release|Any CPU.Build.0 = Release|Any CPU
		{22D72B05-AD3B-4467-B574-AA80A414F677}.Debug|Any CPU.ActiveCfg = Debug|Any CPU
		{22D72B05-AD3B-4467-B574-AA80A414F677}.Debug|Any CPU.Build.0 = Debug|Any CPU
		{22D72B05-AD3B-4467-B574-AA80A414F677}.Release|Any CPU.ActiveCfg = Release|Any CPU
		{22D72B05-AD3B-4467-B574-AA80A414F677}.Release|Any CPU.Build.0 = Release|Any CPU
		{0753DD4E-F833-4BD9-877A-F7532B0FC70E}.Debug|Any CPU.ActiveCfg = Debug|Any CPU
		{0753DD4E-F833-4BD9-877A-F7532B0FC70E}.Debug|Any CPU.Build.0 = Debug|Any CPU
		{0753DD4E-F833-4BD9-877A-F7532B0FC70E}.Release|Any CPU.ActiveCfg = Release|Any CPU
		{0753DD4E-F833-4BD9-877A-F7532B0FC70E}.Release|Any CPU.Build.0 = Release|Any CPU
	EndGlobalSection
	GlobalSection(SolutionProperties) = preSolution
		HideSolutionNode = FALSE
	EndGlobalSection
	GlobalSection(ExtensibilityGlobals) = postSolution
		SolutionGuid = {9D55DDC1-C21C-436B-89E8-936104C8E4DC}
	EndGlobalSection
EndGlobal
